
Microsoft Visual Studio Solution File, Format Version 12.00
# Visual Studio Version 17
VisualStudioVersion = 17.8.34511.84
MinimumVisualStudioVersion = 10.0.40219.1
Project("{2150E333-8FDC-42A3-9474-1A3956D46DE8}") = "src", "src", "{C2579240-480D-463B-867B-AB56472E24CB}"
EndProject
Project("{9A19103F-16F7-4668-BE54-9A1E7A4F7556}") = "Vermilion.Domain", "Vermilion.Domain\Vermilion.Domain.csproj", "{43A4F750-9A5C-4D6C-BD9D-20CE8FBACB23}"
EndProject
Project("{2150E333-8FDC-42A3-9474-1A3956D46DE8}") = "Core", "Core", "{9DC0D9BB-8785-4BC6-8B9E-038FC89ACCB4}"
EndProject
Project("{2150E333-8FDC-42A3-9474-1A3956D46DE8}") = "Infrastructure", "Infrastructure", "{7631A14B-8F67-491E-9BAC-766F3916819C}"
EndProject
Project("{2150E333-8FDC-42A3-9474-1A3956D46DE8}") = "Tests", "Tests", "{2D4C8CA7-6EC9-4657-954E-6557F064810D}"
EndProject
Project("{2150E333-8FDC-42A3-9474-1A3956D46DE8}") = "Presentation", "Presentation", "{E71B4748-8BB2-4619-A4CD-936433332200}"
EndProject
Project("{9A19103F-16F7-4668-BE54-9A1E7A4F7556}") = "Vermilion.Infrastructure", "Vermilion.Infrastructure\Vermilion.Infrastructure.csproj", "{481695BA-5DD8-499A-AC43-F6F963E72DFE}"
EndProject
Project("{9A19103F-16F7-4668-BE54-9A1E7A4F7556}") = "Vermilion.Application", "Vermilion.Application\Vermilion.Application.csproj", "{16A3B69F-FABA-4532-BCDC-D5DBA49B7DBB}"
EndProject
Project("{9A19103F-16F7-4668-BE54-9A1E7A4F7556}") = "Vermilion.WebApi", "Vermilion.WebApi\Vermilion.WebApi.csproj", "{18AE49FD-09BF-45B7-9129-225D85E5ABAB}"
EndProject
Project("{9A19103F-16F7-4668-BE54-9A1E7A4F7556}") = "Vermilion.Contracts", "Vermilion.Contracts\Vermilion.Contracts.csproj", "{90240A0A-F796-48DF-8910-DBC9432912B6}"
EndProject
Project("{9A19103F-16F7-4668-BE54-9A1E7A4F7556}") = "Vermilion.ApplicationTests", "Vermilion.ApplicationTests\Vermilion.ApplicationTests.csproj", "{A66B177C-5053-427D-857A-02D269E3F508}"
EndProject
Project("{E53339B2-1760-4266-BCC7-CA923CBCF16C}") = "docker-compose", "docker-compose.dcproj", "{E40474DD-DD17-4436-80EC-09CD536645E6}"
EndProject
Global
	GlobalSection(SolutionConfigurationPlatforms) = preSolution
		Debug|Any CPU = Debug|Any CPU
		Release|Any CPU = Release|Any CPU
	EndGlobalSection
	GlobalSection(ProjectConfigurationPlatforms) = postSolution
		{43A4F750-9A5C-4D6C-BD9D-20CE8FBACB23}.Debug|Any CPU.ActiveCfg = Debug|Any CPU
		{43A4F750-9A5C-4D6C-BD9D-20CE8FBACB23}.Debug|Any CPU.Build.0 = Debug|Any CPU
		{43A4F750-9A5C-4D6C-BD9D-20CE8FBACB23}.Release|Any CPU.ActiveCfg = Release|Any CPU
		{43A4F750-9A5C-4D6C-BD9D-20CE8FBACB23}.Release|Any CPU.Build.0 = Release|Any CPU
		{481695BA-5DD8-499A-AC43-F6F963E72DFE}.Debug|Any CPU.ActiveCfg = Debug|Any CPU
		{481695BA-5DD8-499A-AC43-F6F963E72DFE}.Debug|Any CPU.Build.0 = Debug|Any CPU
		{481695BA-5DD8-499A-AC43-F6F963E72DFE}.Release|Any CPU.ActiveCfg = Release|Any CPU
		{481695BA-5DD8-499A-AC43-F6F963E72DFE}.Release|Any CPU.Build.0 = Release|Any CPU
		{16A3B69F-FABA-4532-BCDC-D5DBA49B7DBB}.Debug|Any CPU.ActiveCfg = Debug|Any CPU
		{16A3B69F-FABA-4532-BCDC-D5DBA49B7DBB}.Debug|Any CPU.Build.0 = Debug|Any CPU
		{16A3B69F-FABA-4532-BCDC-D5DBA49B7DBB}.Release|Any CPU.ActiveCfg = Release|Any CPU
		{16A3B69F-FABA-4532-BCDC-D5DBA49B7DBB}.Release|Any CPU.Build.0 = Release|Any CPU
		{18AE49FD-09BF-45B7-9129-225D85E5ABAB}.Debug|Any CPU.ActiveCfg = Debug|Any CPU
		{18AE49FD-09BF-45B7-9129-225D85E5ABAB}.Debug|Any CPU.Build.0 = Debug|Any CPU
		{18AE49FD-09BF-45B7-9129-225D85E5ABAB}.Release|Any CPU.ActiveCfg = Release|Any CPU
		{18AE49FD-09BF-45B7-9129-225D85E5ABAB}.Release|Any CPU.Build.0 = Release|Any CPU
		{90240A0A-F796-48DF-8910-DBC9432912B6}.Debug|Any CPU.ActiveCfg = Debug|Any CPU
		{90240A0A-F796-48DF-8910-DBC9432912B6}.Debug|Any CPU.Build.0 = Debug|Any CPU
		{90240A0A-F796-48DF-8910-DBC9432912B6}.Release|Any CPU.ActiveCfg = Release|Any CPU
		{90240A0A-F796-48DF-8910-DBC9432912B6}.Release|Any CPU.Build.0 = Release|Any CPU
		{A66B177C-5053-427D-857A-02D269E3F508}.Debug|Any CPU.ActiveCfg = Debug|Any CPU
		{A66B177C-5053-427D-857A-02D269E3F508}.Debug|Any CPU.Build.0 = Debug|Any CPU
		{A66B177C-5053-427D-857A-02D269E3F508}.Release|Any CPU.ActiveCfg = Release|Any CPU
		{A66B177C-5053-427D-857A-02D269E3F508}.Release|Any CPU.Build.0 = Release|Any CPU
		{E40474DD-DD17-4436-80EC-09CD536645E6}.Debug|Any CPU.ActiveCfg = Debug|Any CPU
		{E40474DD-DD17-4436-80EC-09CD536645E6}.Debug|Any CPU.Build.0 = Debug|Any CPU
		{E40474DD-DD17-4436-80EC-09CD536645E6}.Release|Any CPU.ActiveCfg = Release|Any CPU
		{E40474DD-DD17-4436-80EC-09CD536645E6}.Release|Any CPU.Build.0 = Release|Any CPU
	EndGlobalSection
	GlobalSection(SolutionProperties) = preSolution
		HideSolutionNode = FALSE
	EndGlobalSection
	GlobalSection(NestedProjects) = preSolution
		{43A4F750-9A5C-4D6C-BD9D-20CE8FBACB23} = {9DC0D9BB-8785-4BC6-8B9E-038FC89ACCB4}
		{9DC0D9BB-8785-4BC6-8B9E-038FC89ACCB4} = {C2579240-480D-463B-867B-AB56472E24CB}
		{7631A14B-8F67-491E-9BAC-766F3916819C} = {C2579240-480D-463B-867B-AB56472E24CB}
		{2D4C8CA7-6EC9-4657-954E-6557F064810D} = {C2579240-480D-463B-867B-AB56472E24CB}
		{E71B4748-8BB2-4619-A4CD-936433332200} = {C2579240-480D-463B-867B-AB56472E24CB}
		{481695BA-5DD8-499A-AC43-F6F963E72DFE} = {7631A14B-8F67-491E-9BAC-766F3916819C}
		{16A3B69F-FABA-4532-BCDC-D5DBA49B7DBB} = {9DC0D9BB-8785-4BC6-8B9E-038FC89ACCB4}
		{18AE49FD-09BF-45B7-9129-225D85E5ABAB} = {E71B4748-8BB2-4619-A4CD-936433332200}
		{90240A0A-F796-48DF-8910-DBC9432912B6} = {9DC0D9BB-8785-4BC6-8B9E-038FC89ACCB4}
		{A66B177C-5053-427D-857A-02D269E3F508} = {2D4C8CA7-6EC9-4657-954E-6557F064810D}
	EndGlobalSection
	GlobalSection(ExtensibilityGlobals) = postSolution
		SolutionGuid = {D3208F81-48A6-48D7-8112-50563C8EE41E}
	EndGlobalSection
EndGlobal
